
Microsoft Visual Studio Solution File, Format Version 12.00
# Visual Studio 14
VisualStudioVersion = 14.0.23107.0
MinimumVisualStudioVersion = 10.0.40219.1
Project("{8BC9CEB8-8B4A-11D0-8D11-00A0C91BC942}") = "Task-7.Queue", "Task-7.Queue\Task-7.Queue.vcxproj", "{C73B49F9-30F7-4CAF-B94D-9718E33E5BD4}"
EndProject
Project("{8BC9CEB8-8B4A-11D0-8D11-00A0C91BC942}") = "Task-5.List", "Task-5.List\Task-5.List.vcxproj", "{34D72354-355F-4434-9611-FB5DD63FC124}"
EndProject
Project("{8BC9CEB8-8B4A-11D0-8D11-00A0C91BC942}") = "Task-31.CosSeriesExpansion", "Task-31.CosSeriesExpansion\Task-31.CosSeriesExpansion.vcxproj", "{636FA852-2BD0-4549-AC59-F2305B6D9B71}"
EndProject
Project("{8BC9CEB8-8B4A-11D0-8D11-00A0C91BC942}") = "Task-12.SparseMatrix", "Task-12.SparseMatrix\Task-12.SparseMatrix.vcxproj", "{1AE14D9D-E71A-49F6-8C63-99F20D714CD0}"
EndProject
Project("{8BC9CEB8-8B4A-11D0-8D11-00A0C91BC942}") = "List", "List\List.vcxproj", "{8C011C0F-5519-414E-B047-57BB134B128F}"
EndProject
Project("{8BC9CEB8-8B4A-11D0-8D11-00A0C91BC942}") = "ListTest", "ListTest\ListTest.vcxproj", "{84B5804F-45E0-4D47-B223-0141CD43AD27}"
EndProject
Project("{8BC9CEB8-8B4A-11D0-8D11-00A0C91BC942}") = "Task-13.MaxSum", "Task-13.MaxSum\Task-13.MaxSum.vcxproj", "{A5DBC4E0-BFFD-44A2-A908-9F897396605F}"
EndProject
Project("{8BC9CEB8-8B4A-11D0-8D11-00A0C91BC942}") = "Task-25.Palindrome", "Task-25.Palindrome\Task-25.Palindrome.vcxproj", "{3840F92C-B199-46E3-AF56-F63497AB069D}"
EndProject
Global
	GlobalSection(SolutionConfigurationPlatforms) = preSolution
		Debug|x64 = Debug|x64
		Debug|x86 = Debug|x86
		Release|x64 = Release|x64
		Release|x86 = Release|x86
	EndGlobalSection
	GlobalSection(ProjectConfigurationPlatforms) = postSolution
		{C73B49F9-30F7-4CAF-B94D-9718E33E5BD4}.Debug|x64.ActiveCfg = Debug|x64
		{C73B49F9-30F7-4CAF-B94D-9718E33E5BD4}.Debug|x64.Build.0 = Debug|x64
		{C73B49F9-30F7-4CAF-B94D-9718E33E5BD4}.Debug|x86.ActiveCfg = Debug|Win32
		{C73B49F9-30F7-4CAF-B94D-9718E33E5BD4}.Debug|x86.Build.0 = Debug|Win32
		{C73B49F9-30F7-4CAF-B94D-9718E33E5BD4}.Release|x64.ActiveCfg = Release|x64
		{C73B49F9-30F7-4CAF-B94D-9718E33E5BD4}.Release|x64.Build.0 = Release|x64
		{C73B49F9-30F7-4CAF-B94D-9718E33E5BD4}.Release|x86.ActiveCfg = Release|Win32
		{C73B49F9-30F7-4CAF-B94D-9718E33E5BD4}.Release|x86.Build.0 = Release|Win32
		{34D72354-355F-4434-9611-FB5DD63FC124}.Debug|x64.ActiveCfg = Debug|x64
		{34D72354-355F-4434-9611-FB5DD63FC124}.Debug|x64.Build.0 = Debug|x64
		{34D72354-355F-4434-9611-FB5DD63FC124}.Debug|x86.ActiveCfg = Debug|Win32
		{34D72354-355F-4434-9611-FB5DD63FC124}.Debug|x86.Build.0 = Debug|Win32
		{34D72354-355F-4434-9611-FB5DD63FC124}.Release|x64.ActiveCfg = Release|x64
		{34D72354-355F-4434-9611-FB5DD63FC124}.Release|x64.Build.0 = Release|x64
		{34D72354-355F-4434-9611-FB5DD63FC124}.Release|x86.ActiveCfg = Release|Win32
		{34D72354-355F-4434-9611-FB5DD63FC124}.Release|x86.Build.0 = Release|Win32
		{636FA852-2BD0-4549-AC59-F2305B6D9B71}.Debug|x64.ActiveCfg = Debug|x64
		{636FA852-2BD0-4549-AC59-F2305B6D9B71}.Debug|x64.Build.0 = Debug|x64
		{636FA852-2BD0-4549-AC59-F2305B6D9B71}.Debug|x86.ActiveCfg = Debug|Win32
		{636FA852-2BD0-4549-AC59-F2305B6D9B71}.Debug|x86.Build.0 = Debug|Win32
		{636FA852-2BD0-4549-AC59-F2305B6D9B71}.Release|x64.ActiveCfg = Release|x64
		{636FA852-2BD0-4549-AC59-F2305B6D9B71}.Release|x64.Build.0 = Release|x64
		{636FA852-2BD0-4549-AC59-F2305B6D9B71}.Release|x86.ActiveCfg = Release|Win32
		{636FA852-2BD0-4549-AC59-F2305B6D9B71}.Release|x86.Build.0 = Release|Win32
		{1AE14D9D-E71A-49F6-8C63-99F20D714CD0}.Debug|x64.ActiveCfg = Debug|x64
		{1AE14D9D-E71A-49F6-8C63-99F20D714CD0}.Debug|x64.Build.0 = Debug|x64
		{1AE14D9D-E71A-49F6-8C63-99F20D714CD0}.Debug|x86.ActiveCfg = Debug|Win32
		{1AE14D9D-E71A-49F6-8C63-99F20D714CD0}.Debug|x86.Build.0 = Debug|Win32
		{1AE14D9D-E71A-49F6-8C63-99F20D714CD0}.Release|x64.ActiveCfg = Release|x64
		{1AE14D9D-E71A-49F6-8C63-99F20D714CD0}.Release|x64.Build.0 = Release|x64
		{1AE14D9D-E71A-49F6-8C63-99F20D714CD0}.Release|x86.ActiveCfg = Release|Win32
		{1AE14D9D-E71A-49F6-8C63-99F20D714CD0}.Release|x86.Build.0 = Release|Win32
		{8C011C0F-5519-414E-B047-57BB134B128F}.Debug|x64.ActiveCfg = Debug|x64
		{8C011C0F-5519-414E-B047-57BB134B128F}.Debug|x64.Build.0 = Debug|x64
		{8C011C0F-5519-414E-B047-57BB134B128F}.Debug|x86.ActiveCfg = Debug|Win32
		{8C011C0F-5519-414E-B047-57BB134B128F}.Debug|x86.Build.0 = Debug|Win32
		{8C011C0F-5519-414E-B047-57BB134B128F}.Release|x64.ActiveCfg = Release|x64
		{8C011C0F-5519-414E-B047-57BB134B128F}.Release|x64.Build.0 = Release|x64
		{8C011C0F-5519-414E-B047-57BB134B128F}.Release|x86.ActiveCfg = Release|Win32
		{8C011C0F-5519-414E-B047-57BB134B128F}.Release|x86.Build.0 = Release|Win32
		{84B5804F-45E0-4D47-B223-0141CD43AD27}.Debug|x64.ActiveCfg = Debug|x64
		{84B5804F-45E0-4D47-B223-0141CD43AD27}.Debug|x64.Build.0 = Debug|x64
		{84B5804F-45E0-4D47-B223-0141CD43AD27}.Debug|x86.ActiveCfg = Debug|Win32
		{84B5804F-45E0-4D47-B223-0141CD43AD27}.Debug|x86.Build.0 = Debug|Win32
		{84B5804F-45E0-4D47-B223-0141CD43AD27}.Release|x64.ActiveCfg = Release|x64
		{84B5804F-45E0-4D47-B223-0141CD43AD27}.Release|x64.Build.0 = Release|x64
		{84B5804F-45E0-4D47-B223-0141CD43AD27}.Release|x86.ActiveCfg = Release|Win32
		{84B5804F-45E0-4D47-B223-0141CD43AD27}.Release|x86.Build.0 = Release|Win32
		{A5DBC4E0-BFFD-44A2-A908-9F897396605F}.Debug|x64.ActiveCfg = Debug|x64
		{A5DBC4E0-BFFD-44A2-A908-9F897396605F}.Debug|x64.Build.0 = Debug|x64
		{A5DBC4E0-BFFD-44A2-A908-9F897396605F}.Debug|x86.ActiveCfg = Debug|Win32
		{A5DBC4E0-BFFD-44A2-A908-9F897396605F}.Debug|x86.Build.0 = Debug|Win32
		{A5DBC4E0-BFFD-44A2-A908-9F897396605F}.Release|x64.ActiveCfg = Release|x64
		{A5DBC4E0-BFFD-44A2-A908-9F897396605F}.Release|x64.Build.0 = Release|x64
		{A5DBC4E0-BFFD-44A2-A908-9F897396605F}.Release|x86.ActiveCfg = Release|Win32
		{A5DBC4E0-BFFD-44A2-A908-9F897396605F}.Release|x86.Build.0 = Release|Win32
		{3840F92C-B199-46E3-AF56-F63497AB069D}.Debug|x64.ActiveCfg = Debug|x64
		{3840F92C-B199-46E3-AF56-F63497AB069D}.Debug|x64.Build.0 = Debug|x64
		{3840F92C-B199-46E3-AF56-F63497AB069D}.Debug|x86.ActiveCfg = Debug|Win32
		{3840F92C-B199-46E3-AF56-F63497AB069D}.Debug|x86.Build.0 = Debug|Win32
		{3840F92C-B199-46E3-AF56-F63497AB069D}.Release|x64.ActiveCfg = Release|x64
		{3840F92C-B199-46E3-AF56-F63497AB069D}.Release|x64.Build.0 = Release|x64
		{3840F92C-B199-46E3-AF56-F63497AB069D}.Release|x86.ActiveCfg = Release|Win32
		{3840F92C-B199-46E3-AF56-F63497AB069D}.Release|x86.Build.0 = Release|Win32
	EndGlobalSection
	GlobalSection(SolutionProperties) = preSolution
		HideSolutionNode = FALSE
	EndGlobalSection
EndGlobal
